{
  "nodes": {
    "catppuccin": {
      "locked": {
        "lastModified": 1721784420,
        "narHash": "sha256-bgF6fN4Qgk7NErFKGuuqWXcLORsiykTYyqMUFRiAUBY=",
        "owner": "catppuccin",
        "repo": "nix",
        "rev": "8bdb55cc1c13f572b6e4307a3c0d64f1ae286a4f",
        "type": "github"
      },
      "original": {
        "owner": "catppuccin",
        "repo": "nix",
        "type": "github"
      }
    },
    "flake-utils": {
      "inputs": {
        "systems": "systems"
      },
      "locked": {
        "lastModified": 1710146030,
        "narHash": "sha256-SZ5L6eA7HJ/nmkzGG7/ISclqe6oZdOZTNoesiInkXPQ=",
        "owner": "numtide",
        "repo": "flake-utils",
        "rev": "b1d9ab70662946ef0850d488da1c9019f3a9752a",
        "type": "github"
      },
      "original": {
        "owner": "numtide",
        "repo": "flake-utils",
        "type": "github"
      }
    },
    "home-manager": {
      "inputs": {
        "nixpkgs": [
          "nixpkgs"
        ]
      },
      "locked": {
        "lastModified": 1722067813,
        "narHash": "sha256-nxpzoKXwn+8RsxpxwD86mtEscOMw64ZD/vGSNWzGMlA=",
        "owner": "nix-community",
        "repo": "home-manager",
        "rev": "975b83ca560d17db51a66cb2b0dc0e44213eab27",
        "type": "github"
      },
      "original": {
        "owner": "nix-community",
        "repo": "home-manager",
        "type": "github"
      }
    },
    "nixpkgs": {
      "locked": {
        "lastModified": 1721924956,
        "narHash": "sha256-Sb1jlyRO+N8jBXEX9Pg9Z1Qb8Bw9QyOgLDNMEpmjZ2M=",
        "owner": "nixos",
        "repo": "nixpkgs",
        "rev": "5ad6a14c6bf098e98800b091668718c336effc95",
        "type": "github"
      },
      "original": {
        "owner": "nixos",
        "ref": "nixos-unstable",
        "repo": "nixpkgs",
        "type": "github"
      }
    },
    "nixpkgs_2": {
      "locked": {
        "lastModified": 1716097317,
        "narHash": "sha256-1UMrLtgzielG/Sop6gl6oTSM4pDt7rF9j9VuxhDWDlY=",
        "owner": "NixOS",
        "repo": "nixpkgs",
        "rev": "8535fb92661f37ff9f0da3007fbc942f7d134b41",
        "type": "github"
      },
      "original": {
        "owner": "NixOS",
        "ref": "nixpkgs-unstable",
        "repo": "nixpkgs",
        "type": "github"
      }
    },
    "root": {
      "inputs": {
        "catppuccin": "catppuccin",
        "home-manager": "home-manager",
        "nixpkgs": "nixpkgs",
        "yazi": "yazi"
      }
    },
    "rust-overlay": {
      "inputs": {
        "flake-utils": [
          "yazi",
          "flake-utils"
        ],
        "nixpkgs": [
          "yazi",
          "nixpkgs"
        ]
      },
      "locked": {
        "lastModified": 1716085073,
        "narHash": "sha256-3+9gI93XxszWA2+9S2xZfws1QArPX/MC6nahOGpcMB4=",
        "owner": "oxalica",
        "repo": "rust-overlay",
        "rev": "cfc8776011bd83508324115d353222475e1601c0",
        "type": "github"
      },
      "original": {
        "owner": "oxalica",
        "repo": "rust-overlay",
        "type": "github"
      }
    },
    "systems": {
      "locked": {
        "lastModified": 1681028828,
        "narHash": "sha256-Vy1rq5AaRuLzOxct8nz4T6wlgyUR7zLU309k9mBC768=",
        "owner": "nix-systems",
        "repo": "default",
        "rev": "da67096a3b9bf56a91d16901293e51ba5b49a27e",
        "type": "github"
      },
      "original": {
        "owner": "nix-systems",
        "repo": "default",
        "type": "github"
      }
    },
    "yazi": {
      "inputs": {
        "flake-utils": "flake-utils",
        "nixpkgs": "nixpkgs_2",
        "rust-overlay": "rust-overlay"
      },
      "locked": {
        "lastModified": 1722008740,
        "narHash": "sha256-piinrv/3c8JmILIr5liaqH0AkMPLV5iG3Qi00taLFOU=",
        "owner": "sxyazi",
        "repo": "yazi",
        "rev": "f024ce03e7b97f55f3bfad9da4b33458cea765d5",
        "type": "github"
      },
      "original": {
        "owner": "sxyazi",
        "repo": "yazi",
        "type": "github"
      }
    }
  },
  "root": "root",
  "version": 7
}
