{
  "nodes": {
    "catppuccin": {
      "locked": {
        "lastModified": 1719915848,
        "narHash": "sha256-zq+CMkdT8A9z74HonwspXp8HsX4OvP4uaVdD98AO6as=",
        "owner": "catppuccin",
        "repo": "nix",
        "rev": "9345073d27d91ab66c1b6ab65df322906992aa59",
        "type": "github"
      },
      "original": {
        "owner": "catppuccin",
        "repo": "nix",
        "type": "github"
      }
    },
    "home-manager": {
      "inputs": {
        "nixpkgs": [
          "nixpkgs"
        ]
      },
      "locked": {
        "lastModified": 1719827439,
        "narHash": "sha256-tneHOIv1lEavZ0vQ+rgz67LPNCgOZVByYki3OkSshFU=",
        "owner": "nix-community",
        "repo": "home-manager",
        "rev": "59ce796b2563e19821361abbe2067c3bb4143a7d",
        "type": "github"
      },
      "original": {
        "owner": "nix-community",
        "repo": "home-manager",
        "type": "github"
      }
    },
    "nixpkgs": {
      "locked": {
        "lastModified": 1719848872,
        "narHash": "sha256-H3+EC5cYuq+gQW8y0lSrrDZfH71LB4DAf+TDFyvwCNA=",
        "owner": "nixos",
        "repo": "nixpkgs",
        "rev": "00d80d13810dbfea8ab4ed1009b09100cca86ba8",
        "type": "github"
      },
      "original": {
        "owner": "nixos",
        "ref": "nixos-unstable",
        "repo": "nixpkgs",
        "type": "github"
      }
    },
    "root": {
      "inputs": {
        "catppuccin": "catppuccin",
        "home-manager": "home-manager",
        "nixpkgs": "nixpkgs"
      }
    }
  },
  "root": "root",
  "version": 7
}
